<Solution>
  <Project Path="SalesManagement.Domain/SalesManagement.Domain.csproj" />
  <Project Path="SalesManagement.Repo/SalesManagement.Repo.csproj" />
  <Project Path="SalesManagement.Utilities/SalesManagement.Utilities.csproj" />
  <Project Path="SalesManagementWebAPI/SalesManagementWebAPI.csproj" />
</Solution>
